ripgrep_commit = "4857d6fa67db69a95cd4b6f2adda5d807d4d0119"
dotnet_sdk = "10.0.102"
dotnet_runtime = "10.0.2"
macos_host = "macOS 26.3.1 arm64"
apple_clang = "17.0.0 (clang-1700.6.4.2)"
cargo = "1.91.1"
linux_snapshot = "2026-05-01"
ripgrep_rg_profile = "release-lto"
ripgrep_rg_path = "/Users/brandon/src/ripgrep/target/release-lto/rg"
ripgrep_rg_sha256 = "44e33a21be51a0d6dce82a7c7610ee835f565a74499d34190ad4dcf4d709239e"
ripgrep_pcre2_rg_profile = "release-lto"
ripgrep_pcre2_rg_features = "pcre2"
ripgrep_pcre2_rg_path = "/Users/brandon/src/ripgrep/target/pcre2/release-lto/rg"
ripgrep_pcre2_rg_sha256 = "49d486acea41e80f9a17834944677cf70bdbaeff12dc186c6d8630770d81bbe9"
ripgrep_pcre2_reported_version = "PCRE2 10.45 is available (JIT is available)"

[linux_container]
base_image = "debian:bookworm-slim"
index_digest = "sha256:0104b334637a5f19aa9c983a91b54c89887c0984081f2068983107a6f6c21eeb"
amd64_digest = "sha256:b29f74a267526ae6ea104eed6c46133b0ca70ce812525df8cd5817698f0a624a"
arm64_digest = "sha256:f1433d3ee18e12f45682b29d91b6356e54e40d6b47f5f8ac81e80f35cca8cfe7"
snapshot_url = "http://snapshot.debian.org/archive/debian/20260501T000000Z"
libc6_version = "2.36-9+deb12u13"
libc_bin_version = "2.36-9+deb12u13"

[pcre2]
binding = "pcre2"
binding_version = "0.2.11"
sys_crate = "pcre2-sys"
sys_crate_version = "0.2.10"
c_library_version = "10.46"
c_library_date = "2025-08-27"
commit_sha = "56c87ccac13b01c3c1ecdf71e4fc2fedccea50a2"

[[spike_artifact]]
rid = "osx-arm64"
bytes = 2197496
sha256 = "dbd73aa6e8ccfc723c1fd60855ae77830860f1bf27aa3a483cfa8a5d625c8515"
result = "PASS (0xFF argv byte -> ff0a)"

[[spike_artifact]]
rid = "osx-x64"
bytes = 2379000
sha256 = "010ff1889ab16bd5e314f0578e567b5895ee5c9b4e54c6b4e777c6ec5d14614a"
result = "PASS; needs libRuntime.VxsortEnabled.a"

[[tool.macos]]
name = "gzip"
version = "Apple gzip 475"
path = "/usr/bin/gzip"
sha256 = "a1983798ab66b3431190813540cb0ec691dcb8ee28de36744b88fd8b91cd9fcd"

[[tool.macos]]
name = "bzip2"
version = "1.0.8"
path = "/usr/bin/bzip2"
sha256 = "8da4d460440e876d81875d814f3a0eead38ba0fb94fef81a9be87560a897dee1"

[[tool.macos]]
name = "xz"
version = "5.8.2"
path = "/opt/homebrew/bin/xz"
sha256 = "b7926ea19abf39913ee064329261d03ec66271cf5ee4759e5a1a928a3e165540"

[[tool.macos]]
name = "zstd"
version = "1.5.7"
path = "/opt/homebrew/bin/zstd"
sha256 = "aff8169fb421bb925fb16c44a7e0143fa2c7a941dc45cce76b15062a2ce54917"

[[tool.macos]]
name = "lz4"
version = "1.10.0"
path = "/opt/homebrew/bin/lz4"
sha256 = "b7dccdc84a76f0359c26c67393a6d50b4b073f8bf85078dca7ccf877502b00e5"

[[tool.macos]]
name = "brotli"
version = "1.2.0"
path = "/opt/homebrew/bin/brotli"
sha256 = "528b0b00c1b2f8323e6185dc40d10f0324d21f9cbcca6d8b549f6b2e49520ecf"

[[tool.macos]]
name = "uncompress"
version = "Apple compress file_cmds-475"
path = "/usr/bin/uncompress"
sha256 = "c2e461b27668bd63c4cbd85649f7c4ceb63fc2447bf657d231e0d9fd4f42a055"

[[tool.macos]]
name = "hyperfine"
version = "1.20.0"
path = "/opt/homebrew/bin/hyperfine"
source_url = "https://github.com/sharkdp/hyperfine/archive/refs/tags/v1.20.0.tar.gz"
source_sha256 = "f90c3b096af568438be7da52336784635a962c9822f10f98e5ad11ae8c7f5c64"
bottle_url = "https://ghcr.io/v2/homebrew/core/hyperfine/blobs/sha256:2a79829da44dc03e12ea4977b6bfa122cea8487e741c24a7fbcc7ce6a4788db3"
bottle_sha256 = "2a79829da44dc03e12ea4977b6bfa122cea8487e741c24a7fbcc7ce6a4788db3"
sha256 = "b7272e98214e951452bcbc81eaf0b8f0db391dce05b58ce8ab42985b632c5e94"

[[tool.linux]]
rid = "linux-x64"
name = "gzip"
package = "gzip"
binary = "gzip"
path = "/usr/bin/gzip"
version = "1.12-1"
sha256 = "953d326212574b5ad3cbe5f87034b0c142b6e6d71bb619c51eaa3d2ce47f7e24"

[[tool.linux]]
rid = "linux-x64"
name = "bzip2"
package = "bzip2"
binary = "bzip2"
path = "/usr/bin/bzip2"
version = "1.0.8-5+b1"
sha256 = "0295484aea2cd54ad0cc4f09fbea5a3285c3361d7db716809d1421a39adb8b91"

[[tool.linux]]
rid = "linux-x64"
name = "xz"
package = "xz-utils"
binary = "xz"
path = "/usr/bin/xz"
version = "5.4.1-1"
sha256 = "31c8422d8432de91ffa9b3713743c98cb8011c561546c76759600c9476357dc0"

[[tool.linux]]
rid = "linux-x64"
name = "lz4"
package = "lz4"
binary = "lz4"
path = "/usr/bin/lz4"
version = "1.9.4-1"
sha256 = "d7958b8fa6659cb45852d061dcecd84a897f26a0f98a8b52d787b35db3791dbb"

[[tool.linux]]
rid = "linux-x64"
name = "brotli"
package = "brotli"
binary = "brotli"
path = "/usr/bin/brotli"
version = "1.0.9-2+b6"
sha256 = "b111a83afdee0f0555f988968d2de0e7ddb4561db36ef31f71a1d1d95af937ce"

[[tool.linux]]
rid = "linux-x64"
name = "zstd"
package = "zstd"
binary = "zstd"
path = "/usr/bin/zstd"
version = "1.5.4+dfsg2-5"
sha256 = "cee5aaa2d86c0bf168fc57b759439f5900f2a3b55a9250271c473a7b08e3d3e3"

[[tool.linux]]
rid = "linux-x64"
name = "uncompress"
package = "ncompress"
binary = "uncompress"
path = "/usr/bin/uncompress"
version = "4.2.4.6-6"
sha256 = "55c2f67ca4c3cca0ebac659f0075461dd671ec4937ecd6c71123bb49ed322ebd"

[[tool.linux]]
rid = "linux-arm64"
name = "gzip"
package = "gzip"
binary = "gzip"
path = "/usr/bin/gzip"
version = "1.12-1"
sha256 = "d3afaebcb97bf6fa214a813d89b108f48955665ea596228340ec80580ee55a0e"

[[tool.linux]]
rid = "linux-arm64"
name = "bzip2"
package = "bzip2"
binary = "bzip2"
path = "/usr/bin/bzip2"
version = "1.0.8-5+b1"
sha256 = "40cbbed6f2decef80c0620931b095623705422c19cb5c14b8b27f125a3a5be21"

[[tool.linux]]
rid = "linux-arm64"
name = "xz"
package = "xz-utils"
binary = "xz"
path = "/usr/bin/xz"
version = "5.4.1-1"
sha256 = "26c98f8bc8f57e82b65b015cb699088ea1da2fc29557f4bc97bbce4fc0069cc8"

[[tool.linux]]
rid = "linux-arm64"
name = "lz4"
package = "lz4"
binary = "lz4"
path = "/usr/bin/lz4"
version = "1.9.4-1"
sha256 = "0cb356909741a31909cebbae5120e1faff61c265857b18f35fe96a157f1fd377"

[[tool.linux]]
rid = "linux-arm64"
name = "brotli"
package = "brotli"
binary = "brotli"
path = "/usr/bin/brotli"
version = "1.0.9-2+b6"
sha256 = "bc0ff60a77a83a039e136e6b77d4373ef5a01f233f7d42360aef5ce9a70194e5"

[[tool.linux]]
rid = "linux-arm64"
name = "zstd"
package = "zstd"
binary = "zstd"
path = "/usr/bin/zstd"
version = "1.5.4+dfsg2-5"
sha256 = "f3336accc2f38ffc03c3ee4b123b53d06ce14abfb4d19028841883c408fdbaf2"

[[tool.linux]]
rid = "linux-arm64"
name = "uncompress"
package = "ncompress"
binary = "uncompress"
path = "/usr/bin/uncompress"
version = "4.2.4.6-6"
sha256 = "55c2f67ca4c3cca0ebac659f0075461dd671ec4937ecd6c71123bb49ed322ebd"

[[corpus]]
name = "opensubtitles-en"
kind = "file"
archive_url = "https://object.pouta.csc.fi/OPUS-OpenSubtitles/v2016/mono/en.txt.gz"
archive_path = "artifacts/corpora/opensubtitles/en.txt.gz"
archive_sha256 = "7c169ffa7742fd7f670c176ba8c290b74bcc650784e585e2ef60061376c8fff1"
path = "artifacts/corpora/opensubtitles/en.txt"
sha256 = "a84b1e0c66645c429ff356510dc872d5d9cca1c5a02a21d6eee3cff24d4781bb"
bytes = "9968530111"

[[corpus]]
name = "linux-kernel"
kind = "tree"
commit = "84e57d292203a45c96dbcb2e6be9dd80961d981a"
archive_url = "https://codeload.github.com/BurntSushi/linux/tar.gz/84e57d292203a45c96dbcb2e6be9dd80961d981a"
archive_path = "artifacts/corpora/linux/linux-84e57d292203a45c96dbcb2e6be9dd80961d981a.tar.gz"
archive_sha256 = "8779f9318fb896f64f7a876d7ff9c152925e82c17690281eb1ec6ce587275054"
tree_path = "artifacts/corpora/linux/linux-84e57d292203a45c96dbcb2e6be9dd80961d981a"
tree_sha256 = "c104036f61aa7eba26da621738424e2e35f2c12372858abc345c39bbd9ecd116"

[[corpus]]
name = "regex-1.12.2-misc"
path = "/Users/brandon/.cargo/registry/src/index.crates.io-1949cf8c6b5b557f/regex-1.12.2/testdata/misc.toml"
sha256 = "32c9591655c6fb118dfefcb4de49a04820a63cb960533dfc2538cdaabf4f4047"

[[corpus]]
name = "regex-1.12.2-flags"
path = "/Users/brandon/.cargo/registry/src/index.crates.io-1949cf8c6b5b557f/regex-1.12.2/testdata/flags.toml"
sha256 = "9a7e001808195c84f2a7d3e18bc0a82c7386e60f03a616e99af00c3f7f2c3fd4"

[[corpus]]
name = "regex-1.12.2-iter"
path = "/Users/brandon/.cargo/registry/src/index.crates.io-1949cf8c6b5b557f/regex-1.12.2/testdata/iter.toml"
sha256 = "6875460302974a5b3073a7304a865c45aba9653c54afea2c4d26e1ea248a81f7"

[[corpus]]
name = "regex-1.12.2-empty"
path = "/Users/brandon/.cargo/registry/src/index.crates.io-1949cf8c6b5b557f/regex-1.12.2/testdata/empty.toml"
sha256 = "738dbe92fbd8971385a1cf3affb0e956e5b692c858b9b48439d718f10801c08e"

[[corpus]]
name = "regex-1.12.2-crazy"
path = "/Users/brandon/.cargo/registry/src/index.crates.io-1949cf8c6b5b557f/regex-1.12.2/testdata/crazy.toml"
sha256 = "a146e2d2e23f1a57168979d9b1fc193c2ba38dca66294b61140d6d2a2958ec86"

[[corpus]]
name = "regex-1.12.2-multiline"
path = "/Users/brandon/.cargo/registry/src/index.crates.io-1949cf8c6b5b557f/regex-1.12.2/testdata/multiline.toml"
sha256 = "eb07cf5427e6ddbcf61f4cc64c2d74ff41b5ef75ef857959651b20196f3cd157"

[[corpus]]
name = "regex-1.12.2-line-terminator"
path = "/Users/brandon/.cargo/registry/src/index.crates.io-1949cf8c6b5b557f/regex-1.12.2/testdata/line-terminator.toml"
sha256 = "02148068137b69d95587966917bdf0697bf7eb41ad6d47387f2eb30f67d04fd9"

[[corpus]]
name = "regex-1.12.2-anchored"
path = "/Users/brandon/.cargo/registry/src/index.crates.io-1949cf8c6b5b557f/regex-1.12.2/testdata/anchored.toml"
sha256 = "7a1b5cd81deed2099796a451bf764a3f9bd21f0d60c0fa46accd3a35666866f2"

[[corpus]]
name = "regex-1.12.2-substring"
path = "/Users/brandon/.cargo/registry/src/index.crates.io-1949cf8c6b5b557f/regex-1.12.2/testdata/substring.toml"
sha256 = "48122d9f3477ed81f95e3ad42c06e9bb25f849b66994601a75ceae0693b81866"

[[corpus]]
name = "regex-1.12.2-bytes"
path = "/Users/brandon/.cargo/registry/src/index.crates.io-1949cf8c6b5b557f/regex-1.12.2/testdata/bytes.toml"
sha256 = "1d84179165fd25f3b94bd2bfbeb43fc8a162041f7bf98b717e0f85cef7fb652b"

[[corpus]]
name = "regex-1.12.2-crlf"
path = "/Users/brandon/.cargo/registry/src/index.crates.io-1949cf8c6b5b557f/regex-1.12.2/testdata/crlf.toml"
sha256 = "d19cf22756434d145dd20946c00af01c102a556a252070405c3c8294129d9ece"

[[corpus]]
name = "regex-1.12.2-earliest"
path = "/Users/brandon/.cargo/registry/src/index.crates.io-1949cf8c6b5b557f/regex-1.12.2/testdata/earliest.toml"
sha256 = "d561e643623ee1889b5b049fdcf3c7cb71b0c746d7eb822ddbd09d0acda2620b"

[[corpus]]
name = "regex-1.12.2-expensive"
path = "/Users/brandon/.cargo/registry/src/index.crates.io-1949cf8c6b5b557f/regex-1.12.2/testdata/expensive.toml"
sha256 = "5ce2f60209c99cdd2cdcb9d3069d1d5ca13d5e08a85e913efe57267b2f5f0e9d"

[[corpus]]
name = "regex-1.12.2-leftmost-all"
path = "/Users/brandon/.cargo/registry/src/index.crates.io-1949cf8c6b5b557f/regex-1.12.2/testdata/leftmost-all.toml"
sha256 = "903bfbeff888b7664296f4d5aa367ce53d1dafe249ab0a3359223ae94d596396"

[[corpus]]
name = "regex-1.12.2-no-unicode"
path = "/Users/brandon/.cargo/registry/src/index.crates.io-1949cf8c6b5b557f/regex-1.12.2/testdata/no-unicode.toml"
sha256 = "d209da04506900fd5f69e48170cddaad0702355ac6176c3a75ab3ff96974457c"

[[corpus]]
name = "regex-1.12.2-overlapping"
path = "/Users/brandon/.cargo/registry/src/index.crates.io-1949cf8c6b5b557f/regex-1.12.2/testdata/overlapping.toml"
sha256 = "5d96497a7233566d40b05ba22047e483fa8662e45515a9be86da45cf6c28703a"

[[corpus]]
name = "regex-1.12.2-regex-lite"
path = "/Users/brandon/.cargo/registry/src/index.crates.io-1949cf8c6b5b557f/regex-1.12.2/testdata/regex-lite.toml"
sha256 = "fecca7cc8c9cea2e1f84f846a89fd9b3ca7011c83698211a2eeda8924deb900c"

[[corpus]]
name = "regex-1.12.2-regression"
path = "/Users/brandon/.cargo/registry/src/index.crates.io-1949cf8c6b5b557f/regex-1.12.2/testdata/regression.toml"
sha256 = "6006ef4fcfbfd7155ce5ce8b8427904f7261c5549396f20cb065c0294733686d"

[[corpus]]
name = "regex-1.12.2-set"
path = "/Users/brandon/.cargo/registry/src/index.crates.io-1949cf8c6b5b557f/regex-1.12.2/testdata/set.toml"
sha256 = "dfd265dc1aee80026e881616840df0236ae9abf12467d7ec0e141a52c236128c"

[[corpus]]
name = "regex-1.12.2-unicode"
path = "/Users/brandon/.cargo/registry/src/index.crates.io-1949cf8c6b5b557f/regex-1.12.2/testdata/unicode.toml"
sha256 = "7e4b013039b0cdd85fa73f32d15d096182fe901643d4e40c0910087a736cd46d"

[[corpus]]
name = "regex-1.12.2-utf8"
path = "/Users/brandon/.cargo/registry/src/index.crates.io-1949cf8c6b5b557f/regex-1.12.2/testdata/utf8.toml"
sha256 = "2eabce0582bcacb2073e08bbe7ca413f096d14d06e917b107949691e24f84b20"

[[corpus]]
name = "regex-1.12.2-word-boundary-special"
path = "/Users/brandon/.cargo/registry/src/index.crates.io-1949cf8c6b5b557f/regex-1.12.2/testdata/word-boundary-special.toml"
sha256 = "7d0ea2f796478d1ca2a6954430cb1cfbd04031a182f8611cb50a7c73e443ce33"

[[corpus]]
name = "regex-1.12.2-word-boundary"
path = "/Users/brandon/.cargo/registry/src/index.crates.io-1949cf8c6b5b557f/regex-1.12.2/testdata/word-boundary.toml"
sha256 = "51bc1c498ab825420340a2dd3e6623de4054937ba6d5020ff8cd14b1c1e45271"

[[corpus]]
name = "encoding-rs-0.8.35-big5-in"
path = "/Users/brandon/.cargo/registry/src/index.crates.io-1949cf8c6b5b557f/encoding_rs-0.8.35/src/test_data/big5_in.txt"
sha256 = "a5ae290786610c7facdbb1d06be6815e8bb81d68dfa7380edc7ddb6b8c7e412e"

[[corpus]]
name = "encoding-rs-0.8.35-euc-kr-in"
path = "/Users/brandon/.cargo/registry/src/index.crates.io-1949cf8c6b5b557f/encoding_rs-0.8.35/src/test_data/euc_kr_in.txt"
sha256 = "21534ec87e82d785d128f980902d13fab6d9dea15c69a991f409d9b0afd1c852"

[[corpus]]
name = "encoding-rs-0.8.35-gb18030-in"
path = "/Users/brandon/.cargo/registry/src/index.crates.io-1949cf8c6b5b557f/encoding_rs-0.8.35/src/test_data/gb18030_in.txt"
sha256 = "0dd1fbf0360930daafdce7e6761852005a8f92f7910180df19a070b6c3c59dee"

[[corpus]]
name = "encoding-rs-0.8.35-iso-2022-jp-in"
path = "/Users/brandon/.cargo/registry/src/index.crates.io-1949cf8c6b5b557f/encoding_rs-0.8.35/src/test_data/iso_2022_jp_in.txt"
sha256 = "98fb823530a30a76eb0ba7ab6ac796959e8869c1ec143f018a1964581ae813aa"

[[corpus]]
name = "encoding-rs-0.8.35-jis0208-in"
path = "/Users/brandon/.cargo/registry/src/index.crates.io-1949cf8c6b5b557f/encoding_rs-0.8.35/src/test_data/jis0208_in.txt"
sha256 = "3c1a7aaada00d6fff41e60bd7589d7ae94afaf562759b116958b1d84711d17b6"

[[corpus]]
name = "encoding-rs-0.8.35-jis0212-in"
path = "/Users/brandon/.cargo/registry/src/index.crates.io-1949cf8c6b5b557f/encoding_rs-0.8.35/src/test_data/jis0212_in.txt"
sha256 = "9eda766002646a27310457c661832429beff9089d2703355812c4cac30d800b5"

[[corpus]]
name = "encoding-rs-0.8.35-shift-jis-in"
path = "/Users/brandon/.cargo/registry/src/index.crates.io-1949cf8c6b5b557f/encoding_rs-0.8.35/src/test_data/shift_jis_in.txt"
sha256 = "e65df746be90359e70422868522a7aa3e8ed20e0d4c0cf9995d9de248bf93388"

[[corpus]]
name = "encoding-rs-0.8.35-big5-in-ref"
path = "/Users/brandon/.cargo/registry/src/index.crates.io-1949cf8c6b5b557f/encoding_rs-0.8.35/src/test_data/big5_in_ref.txt"
sha256 = "52733d9970fb8987f014fa0eac2792250123cf583b363beb2ce7b3c55e3dc555"

[[corpus]]
name = "encoding-rs-0.8.35-euc-kr-in-ref"
path = "/Users/brandon/.cargo/registry/src/index.crates.io-1949cf8c6b5b557f/encoding_rs-0.8.35/src/test_data/euc_kr_in_ref.txt"
sha256 = "b3009e6a94967df1f1135c66f005610bebad6666d634aec72d2ad77c3211bda3"

[[corpus]]
name = "encoding-rs-0.8.35-gb18030-in-ref"
path = "/Users/brandon/.cargo/registry/src/index.crates.io-1949cf8c6b5b557f/encoding_rs-0.8.35/src/test_data/gb18030_in_ref.txt"
sha256 = "f3eaea1115857054cf30f8ba18219e72377f2a4afd848ccf223770d75aa4251d"

[[corpus]]
name = "encoding-rs-0.8.35-iso-2022-jp-in-ref"
path = "/Users/brandon/.cargo/registry/src/index.crates.io-1949cf8c6b5b557f/encoding_rs-0.8.35/src/test_data/iso_2022_jp_in_ref.txt"
sha256 = "df82166d2e01bb446211d7e46f33b47d93ac1bafeae2ed880ee93c4096d11210"

[[corpus]]
name = "encoding-rs-0.8.35-jis0208-in-ref"
path = "/Users/brandon/.cargo/registry/src/index.crates.io-1949cf8c6b5b557f/encoding_rs-0.8.35/src/test_data/jis0208_in_ref.txt"
sha256 = "df82166d2e01bb446211d7e46f33b47d93ac1bafeae2ed880ee93c4096d11210"

[[corpus]]
name = "encoding-rs-0.8.35-jis0212-in-ref"
path = "/Users/brandon/.cargo/registry/src/index.crates.io-1949cf8c6b5b557f/encoding_rs-0.8.35/src/test_data/jis0212_in_ref.txt"
sha256 = "fcf74c58d2cbe9b3f3db4fa9eff26e09f5e9644097c78614c03177e938988d03"

[[corpus]]
name = "encoding-rs-0.8.35-shift-jis-in-ref"
path = "/Users/brandon/.cargo/registry/src/index.crates.io-1949cf8c6b5b557f/encoding_rs-0.8.35/src/test_data/shift_jis_in_ref.txt"
sha256 = "13b15aed64e9e7cb35e6a740b67413f0c285fda944f4814d45a7619ea338fb5e"
