ripgrep_commit = "e89fff89ac9af12e8d4ce9d5fd07beb408ca730f"
dotnet_sdk = "10.0.102"
dotnet_host_runtime = "10.0.10"
nativeaot_runtime_framework = "10.0.2"
macos_host = "macOS 26 arm64"
xcode_version = "26.3"
xcode_build = "17C529"
macos_sdk = "26.2"
macos_deployment_target = "14.0"
apple_clang = "17.0.0 (clang-1700.6.4.2)"
apple_ld = "@(#)PROGRAM:ld PROJECT:ld-1230.1"
apple_clang_sha256 = "15339439a6be4a9d33d281ec040a7e0092190b1c8d7de5f94d824b50ffae0769"
apple_ld_sha256 = "d24bf72261b0a8832fa87e841b8e9a857620bb789c78cef4ad97bb2dbd6e1d29"
apple_ar_sha256 = "eeb07a36180749a4915663753be2efb6d21d054c277e768574884c0b519bc191"
apple_ranlib_sha256 = "c5afad0501511b74a065dcbc011ed4da2f93df3e29973820bd0a9267cfab31f8"
apple_strip_sha256 = "3d3d5ce28f1d5f6b7381ee5b436ab3d4c15237c74378adb0482a0aceabbdd5ef"
apple_nm_sha256 = "cfa9a0e784e4195570f224001c9c46893d73023e4278ce6311cb907f8163a51a"
cargo = "1.91.1"
linux_snapshot = "2026-05-31"
ripgrep_rg_profile = "release-lto"
ripgrep_rg_path = "artifacts/preparation/issue-66/ripgrep/target/release-lto/rg"
ripgrep_rg_sha256 = "3a933c551d9232724f2ddda0e821836f6e3cc76f0793155868c8e6d8a65eb5ea"
ripgrep_pcre2_rg_profile = "release-lto"
ripgrep_pcre2_rg_features = "pcre2"
ripgrep_pcre2_rg_path = "artifacts/preparation/issue-66/ripgrep/target/pcre2/release-lto/rg"
ripgrep_pcre2_rg_sha256 = "5783a7e37d69c543be5527eaf72e385f7f79f52b9f7f0f67e1244844c371175b"
ripgrep_pcre2_reported_version = "PCRE2 10.45 is available (JIT is available)"

[musl_compress_source]
url = "https://github.com/vapier/ncompress/archive/e77a84ca5a69f01ccfe149e48d10ac563e6c375b.tar.gz"
sha256 = "0905f89daa94853c4c75bfe7fc9b7636a70afd7d84abdd10ee944349de3117b1"

[[dotnet_sdk_archive]]
rid = "osx-arm64"
url = "https://builds.dotnet.microsoft.com/dotnet/Sdk/10.0.102/dotnet-sdk-10.0.102-osx-arm64.tar.gz"
sha512 = "5adb12a72ccfd327fe94ce99104ee7b9b56dbe40e354440a0b28313a4996ff34cc8560d605c1f30c247d364ae429de55d8c3b30ea19da04a716a059eb62b98ed"

[[dotnet_runtime_archive]]
rid = "osx-arm64"
url = "https://builds.dotnet.microsoft.com/dotnet/Runtime/10.0.10/dotnet-runtime-10.0.10-osx-arm64.tar.gz"
sha512 = "79cbc64bfeb806d5f2a9e0a2a2ed336c7aa275b0438bbd88d36236a1b6203950546b49ff307cc5067c89434ffe22c021a594b2f8adad71146a5ece825652bd85"

[[ripgrep_oracle]]
rid = "linux-musl-arm64"
environment = "github-actions"
archive_path = "tests/oracles/ripgrep/linux-musl-arm64.zip"
archive_sha256 = "b6e871f5e63317b79fc1a68ff39e8acc289e2d5cff082cea888f3cb4ee7bd380"
profile = "release-lto"
path = "artifacts/ripgrep-oracle/linux-musl-arm64/ripgrep/target/release-lto/rg"
sha256 = "f62fafb7987d2f5e6f946187083c14a5127545821df4e78b6963cc4583e92718"
pcre2_profile = "release-lto"
pcre2_features = "pcre2"
pcre2_path = "artifacts/ripgrep-oracle/linux-musl-arm64/ripgrep/target/pcre2/release-lto/rg"
pcre2_sha256 = "8c45b60e15b8a1f843fb8c08edce99c81c5119bbe55134d416f6e7e99c1ff91a"
pcre2_reported_version = "PCRE2 10.45 is available (JIT is unavailable)"

[[ripgrep_oracle]]
rid = "osx-arm64"
environment = "github-actions"
archive_path = "tests/oracles/ripgrep/osx-arm64.zip"
archive_sha256 = "5c83fb0f4653e5c7c1ea03246656a09c1d6936321976e8ea2593f8b5d5c9dfa2"
profile = "release-lto"
path = "artifacts/ripgrep-oracle/osx-arm64/ripgrep/target/release-lto/rg"
sha256 = "1710e3f03da4e82bec551f5b9e2b1341646e66ae6278a762831696fbf8e3e8e7"
pcre2_profile = "release-lto"
pcre2_features = "pcre2"
pcre2_path = "artifacts/ripgrep-oracle/osx-arm64/ripgrep/target/pcre2/release-lto/rg"
pcre2_sha256 = "f840586145d1e870426227b31d4fa8086641c72801d81775058a7e0392c7efc5"
pcre2_reported_version = "PCRE2 10.45 is available (JIT is available)"

[[ripgrep_oracle]]
rid = "osx-x64"
environment = "github-actions"
archive_path = "tests/oracles/ripgrep/osx-x64.zip"
archive_sha256 = "c043d2d1178aa10cd83ac85e0df2c915a4eaf013e9640642fd0ce0e942f66980"
profile = "release-lto"
path = "artifacts/ripgrep-oracle/osx-x64/ripgrep/target/release-lto/rg"
sha256 = "858d705aea738b018e92b1a900c2611237df2598fe2538f5630fe4b525a5a027"
pcre2_profile = "release-lto"
pcre2_features = "pcre2"
pcre2_path = "artifacts/ripgrep-oracle/osx-x64/ripgrep/target/pcre2/release-lto/rg"
pcre2_sha256 = "026944087c35cbd437e6beaf99354b43eaeb0af0183fb5b5cf819b50e3085ec4"
pcre2_reported_version = "PCRE2 10.45 is available (JIT is available)"

[[ripgrep_oracle]]
rid = "linux-x64"
environment = "github-actions"
archive_path = "tests/oracles/ripgrep/linux-x64.zip"
archive_sha256 = "c065c34e256f170a037508428458c3a14e579d23a155568bbf7d10d9249f59c3"
profile = "release-lto"
path = "artifacts/ripgrep-oracle/linux-x64/ripgrep/target/release-lto/rg"
sha256 = "35574a03f422fc8277b071fd413d7e67278dc9cbcbbdce4188d1b0042a36d5bc"
pcre2_profile = "release-lto"
pcre2_features = "pcre2"
pcre2_path = "artifacts/ripgrep-oracle/linux-x64/ripgrep/target/pcre2/release-lto/rg"
pcre2_sha256 = "b95aedd760505771e4b00a4842380d9e1a51a71a7d7be58ba84aa97d6d829c0f"
pcre2_reported_version = "PCRE2 10.45 is available (JIT is available)"

[[ripgrep_oracle]]
rid = "linux-arm64"
environment = "github-actions"
archive_path = "tests/oracles/ripgrep/linux-arm64.zip"
archive_sha256 = "a922cb279cfe253f03f1c0b77f5c0ea4af1830bb4f9a922ef4d8d974fde67375"
profile = "release-lto"
path = "artifacts/ripgrep-oracle/linux-arm64/ripgrep/target/release-lto/rg"
sha256 = "b9d59568a0e6cc96f5a6f3ba251cbf28d51300f614141f34c3099b28d90f4bcb"
pcre2_profile = "release-lto"
pcre2_features = "pcre2"
pcre2_path = "artifacts/ripgrep-oracle/linux-arm64/ripgrep/target/pcre2/release-lto/rg"
pcre2_sha256 = "ba9dbdb86604a81ef1cd1f7ea97088860c8a1279f7436ba09bc45ba3f870a31c"
pcre2_reported_version = "PCRE2 10.45 is available (JIT is available)"

[[ripgrep_oracle]]
rid = "win-x64"
environment = "github-actions"
archive_path = "tests/oracles/ripgrep/win-x64.zip"
archive_sha256 = "71d0e798045a5adc96e75840f1ef32ed5ad15a2648969ebf75901c86ac45e34b"
profile = "release-lto"
path = "artifacts/ripgrep-oracle/win-x64/ripgrep/target/release-lto/rg.exe"
sha256 = "8878b7f7729d30fcf388e963a92a10acf5ae44ae9b15ef597ce129346bdb1040"
pcre2_profile = "release-lto"
pcre2_features = "pcre2"
pcre2_path = "artifacts/ripgrep-oracle/win-x64/ripgrep/target/pcre2/release-lto/rg.exe"
pcre2_sha256 = "6f1cb44fc9e2bd0c1801f300a24da1748070ada7e12cac55d360d7f4ddff7a1d"
pcre2_reported_version = "PCRE2 10.45 is available (JIT is available)"

[[ripgrep_oracle]]
rid = "win-arm64"
environment = "github-actions"
archive_path = "tests/oracles/ripgrep/win-arm64.zip"
archive_sha256 = "0bce651ae9f9315fa0c9d685ea57ea25b0ecbd006088f9a584e9cb4ad479239f"
profile = "release-lto"
path = "artifacts/ripgrep-oracle/win-arm64/ripgrep/target/release-lto/rg.exe"
sha256 = "8bf779c30a7dca98c9cbcdebbace2d305601ea19ab9f9d41d66365f53c36eb85"
pcre2_profile = "release-lto"
pcre2_features = "pcre2"
pcre2_path = "artifacts/ripgrep-oracle/win-arm64/ripgrep/target/pcre2/release-lto/rg.exe"
pcre2_sha256 = "142f39beae12595f6b9b13d0b0fae08d9f48f52b2e0031c8de60891d9ad53be0"
pcre2_reported_version = "PCRE2 10.45 is available (JIT is available)"

[[ripgrep_oracle]]
rid = "win-x64"
environment = "local"
archive_path = "tests/oracles/ripgrep/win-x64.zip"
archive_sha256 = "71d0e798045a5adc96e75840f1ef32ed5ad15a2648969ebf75901c86ac45e34b"
profile = "release-lto"
path = "artifacts/ripgrep-oracle/win-x64/ripgrep/target/release-lto/rg.exe"
sha256 = "8878b7f7729d30fcf388e963a92a10acf5ae44ae9b15ef597ce129346bdb1040"
pcre2_profile = "release-lto"
pcre2_features = "pcre2"
pcre2_path = "artifacts/ripgrep-oracle/win-x64/ripgrep/target/pcre2/release-lto/rg.exe"
pcre2_sha256 = "6f1cb44fc9e2bd0c1801f300a24da1748070ada7e12cac55d360d7f4ddff7a1d"
pcre2_reported_version = "PCRE2 10.45 is available (JIT is available)"

[[ripgrep_oracle]]
rid = "osx-arm64"
environment = "local"
profile = "release-lto"
path = "artifacts/preparation/issue-66/ripgrep/target/release-lto/rg"
sha256 = "3a933c551d9232724f2ddda0e821836f6e3cc76f0793155868c8e6d8a65eb5ea"
pcre2_profile = "release-lto"
pcre2_features = "pcre2"
pcre2_path = "artifacts/preparation/issue-66/ripgrep/target/pcre2/release-lto/rg"
pcre2_sha256 = "5783a7e37d69c543be5527eaf72e385f7f79f52b9f7f0f67e1244844c371175b"
pcre2_reported_version = "PCRE2 10.45 is available (JIT is available)"

[linux_container]
base_image = "debian:bookworm-slim"
index_digest = "sha256:0104b334637a5f19aa9c983a91b54c89887c0984081f2068983107a6f6c21eeb"
amd64_digest = "sha256:b29f74a267526ae6ea104eed6c46133b0ca70ce812525df8cd5817698f0a624a"
arm64_digest = "sha256:f1433d3ee18e12f45682b29d91b6356e54e40d6b47f5f8ac81e80f35cca8cfe7"
snapshot_url = "http://snapshot.debian.org/archive/debian/20260531T000000Z"
libc6_version = "2.36-9+deb12u14"
libc_bin_version = "2.36-9+deb12u14"

[pcre2]
binding = "pcre2"
binding_version = "0.2.11"
sys_crate = "pcre2-sys"
sys_crate_version = "0.2.10"
c_library_version = "10.46"
c_library_date = "2025-08-27"
commit_sha = "56c87ccac13b01c3c1ecdf71e4fc2fedccea50a2"

[[spike_artifact]]
rid = "osx-arm64"
bytes = 2197496
sha256 = "dbd73aa6e8ccfc723c1fd60855ae77830860f1bf27aa3a483cfa8a5d625c8515"
result = "PASS (0xFF argv byte -> ff0a)"

[[spike_artifact]]
rid = "osx-x64"
bytes = 2379000
sha256 = "010ff1889ab16bd5e314f0578e567b5895ee5c9b4e54c6b4e777c6ec5d14614a"
result = "PASS; needs libRuntime.VxsortEnabled.a"

[[tool.macos]]
name = "gzip"
version = "Apple gzip 479"
path = "/usr/bin/gzip"
sha256 = "c78f313867a6978148f989c8e758fb7a9ba7ff324f0b359b2053f5172f970be5"

[[tool.macos]]
name = "bzip2"
version = "1.0.8"
path = "/usr/bin/bzip2"
sha256 = "c9c5d486ee877f9104363ee0fe20539d4c1fbbb76f2f322d5e871f40aaf6ce26"

[[tool.macos]]
name = "xz"
version = "5.8.2"
path = "/opt/homebrew/bin/xz"
sha256 = "2abc3832c2f4fc60cbd44fac5cc242de24f123d7fbaf18206060684f84aa5e3f"

[[tool.macos]]
name = "zstd"
version = "1.5.7"
path = "/opt/homebrew/bin/zstd"
sha256 = "aff8169fb421bb925fb16c44a7e0143fa2c7a941dc45cce76b15062a2ce54917"

[[tool.macos]]
name = "lz4"
version = "1.10.0"
path = "/opt/homebrew/bin/lz4"
sha256 = "b7dccdc84a76f0359c26c67393a6d50b4b073f8bf85078dca7ccf877502b00e5"

[[tool.macos]]
name = "brotli"
version = "1.2.0"
path = "/opt/homebrew/bin/brotli"
sha256 = "528b0b00c1b2f8323e6185dc40d10f0324d21f9cbcca6d8b549f6b2e49520ecf"

[[tool.macos]]
name = "uncompress"
version = "Apple compress file_cmds-479"
path = "/usr/bin/uncompress"
sha256 = "bf8cb1cefedfbf86fbb38dd42278fcad8fe020f3b8989897f1a0b2187aabdda5"

[[tool.macos]]
name = "gzip"
rid = "osx-arm64"
environment = "github-actions"
version = "Apple gzip 479"
path = "/usr/bin/gzip"
sha256 = "0f655a20639414497cd4ec5f614c41ee8bf329c2daa0ade0d6ae5e549b9c6f9e"

[[tool.macos]]
name = "bzip2"
rid = "osx-arm64"
environment = "github-actions"
version = "1.0.8"
path = "/usr/bin/bzip2"
sha256 = "ade8a304cfcb33d8d2f4a5355d1c078712f8228cf079bc4982c3bb2e6316f885"

[[tool.macos]]
name = "xz"
rid = "osx-arm64"
environment = "github-actions"
version = "5.8.3"
path = "/opt/homebrew/bin/xz"
sha256 = ["16b9994cca884ed2a66ba63736f1450049cbc6fd1d93076c51e5f0e7f7a71381", "995c8e2f72446f0d0e3a29f6c3d52286cfecedfc4ffb2b42d25c3ce1ad77034c"]

[[tool.macos]]
name = "zstd"
rid = "osx-arm64"
environment = "github-actions"
version = "1.5.7"
path = "/opt/homebrew/bin/zstd"
sha256 = ["9b5676aae3cb048cf68e2b40c543d9523db3b4cb911b31861bd5f4fcb050c4b6", "aff8169fb421bb925fb16c44a7e0143fa2c7a941dc45cce76b15062a2ce54917"]

[[tool.macos]]
name = "lz4"
rid = "osx-arm64"
environment = "github-actions"
version = "1.10.0"
path = "/opt/homebrew/bin/lz4"
sha256 = "583969b1933b0ce5ffa808db9aa846f3acd07bf8e817c34914d89a4a59e27c7d"

[[tool.macos]]
name = "brotli"
rid = "osx-arm64"
environment = "github-actions"
version = "1.2.0"
path = "/opt/homebrew/bin/brotli"
sha256 = "528b0b00c1b2f8323e6185dc40d10f0324d21f9cbcca6d8b549f6b2e49520ecf"

[[tool.macos]]
name = "uncompress"
rid = "osx-arm64"
environment = "github-actions"
version = "Apple compress file_cmds-479"
path = "/usr/bin/uncompress"
sha256 = "66da7ddde3ab1c9f93d1307bae06086570e3aed3c72827ccef22c251f5b2d874"

[[tool.macos]]
name = "hyperfine"
version = "1.20.0"
path = "/opt/homebrew/bin/hyperfine"
source_url = "https://github.com/sharkdp/hyperfine/archive/refs/tags/v1.20.0.tar.gz"
source_sha256 = "f90c3b096af568438be7da52336784635a962c9822f10f98e5ad11ae8c7f5c64"
bottle_tag = "arm64_tahoe"
bottle_url = "https://ghcr.io/v2/homebrew/core/hyperfine/blobs/sha256:2a79829da44dc03e12ea4977b6bfa122cea8487e741c24a7fbcc7ce6a4788db3"
bottle_sha256 = "2a79829da44dc03e12ea4977b6bfa122cea8487e741c24a7fbcc7ce6a4788db3"
sha256 = "b7272e98214e951452bcbc81eaf0b8f0db391dce05b58ce8ab42985b632c5e94"

[[tool.macos]]
name = "hyperfine"
rid = "osx-arm64"
environment = "github-actions"
version = "1.20.0"
path = "/opt/homebrew/bin/hyperfine"
source_url = "https://github.com/sharkdp/hyperfine/archive/refs/tags/v1.20.0.tar.gz"
source_sha256 = "f90c3b096af568438be7da52336784635a962c9822f10f98e5ad11ae8c7f5c64"
bottle_tag = "arm64_tahoe"
bottle_url = "https://ghcr.io/v2/homebrew/core/hyperfine/blobs/sha256:2a79829da44dc03e12ea4977b6bfa122cea8487e741c24a7fbcc7ce6a4788db3"
bottle_sha256 = "2a79829da44dc03e12ea4977b6bfa122cea8487e741c24a7fbcc7ce6a4788db3"
sha256 = "b7272e98214e951452bcbc81eaf0b8f0db391dce05b58ce8ab42985b632c5e94"

[[tool.macos]]
name = "gzip"
rid = "osx-x64"
environment = "github-actions"
version = "Apple gzip 479"
path = "/usr/bin/gzip"
sha256 = ["7bd218bc6b12fced475163901547a796736f72f99533cbec60eea150ed21afa3", "dd440e34e25cb641b5db68cf2e14f9d1fef17c61cef984b920b8bc420c09b9dd"]

[[tool.macos]]
name = "bzip2"
rid = "osx-x64"
environment = "github-actions"
version = "1.0.8"
path = "/usr/bin/bzip2"
sha256 = ["14e28b6b7955cbd6cd2a8139ca41186a922143a4fa3715ddd8e331f41db8fc80", "18b3c72a2ade1bf79ffe25299620aa256d17f14e74c8311dec8b984588285176"]

[[tool.macos]]
name = "xz"
rid = "osx-x64"
environment = "github-actions"
version = "5.8.3"
path = "/usr/local/bin/xz"
sha256 = ["2ce7374ab7c6426659e3662a6a759df41e03e30bfd90898073bab1d77f7c51b2", "0b7b7bfc8f9d41b22b9a7d10ee4f56093cefea18a257c4c299a52186ac1a8921"]

[[tool.macos]]
name = "zstd"
rid = "osx-x64"
environment = "github-actions"
version = "1.5.7"
path = "/usr/local/bin/zstd"
sha256 = ["9f04cf059d3043bd5ac7260bda6ebea8c21d9981210c5e7331cd0871ba20b2f6", "267e9edb1b0b3284ede3484116f0ab6865cb4fee514774826fdaf514feb7d321"]

[[tool.macos]]
name = "lz4"
rid = "osx-x64"
environment = "github-actions"
version = "1.10.0"
path = "/usr/local/bin/lz4"
sha256 = "eba5a3b6e501b482d57c3abbaf81751d79e8a544fab25b8f9110a207365f97fb"

[[tool.macos]]
name = "brotli"
rid = "osx-x64"
environment = "github-actions"
version = "1.2.0"
path = "/usr/local/bin/brotli"
sha256 = "22567695dde38e3cb9393ac0ab0b45379e9e188357f6cff69b0ed23959abd5c2"

[[tool.macos]]
name = "uncompress"
rid = "osx-x64"
environment = "github-actions"
version = "Apple compress file_cmds-479"
path = "/usr/bin/uncompress"
sha256 = ["aec4becd30850078aa28747caa0c76227c9e848378377e37f98d531203fe6aa4", "03cad87af037a1ccdb0fabe59d50bef1547ddc34149002c14690240a2101eea5"]

[[tool.macos]]
name = "hyperfine"
rid = "osx-x64"
environment = "github-actions"
version = "1.20.0"
path = "/usr/local/bin/hyperfine"
source_url = "https://github.com/sharkdp/hyperfine/archive/refs/tags/v1.20.0.tar.gz"
source_sha256 = "f90c3b096af568438be7da52336784635a962c9822f10f98e5ad11ae8c7f5c64"
bottle_tag = "sonoma"
bottle_url = "https://ghcr.io/v2/homebrew/core/hyperfine/blobs/sha256:35f05803354dc8621b9bdf918d50aef83eca450b90babc5b9899ca151177c39a"
bottle_sha256 = "35f05803354dc8621b9bdf918d50aef83eca450b90babc5b9899ca151177c39a"
sha256 = "d2ed929d79d8feb7c0ef3578c105181786876a913039e0b2c89ed56942aee0a4"

[[tool.linux]]
rid = "linux-x64"
name = "gzip"
package = "gzip"
binary = "gzip"
path = "/usr/bin/gzip"
version = "1.12-1"
sha256 = "953d326212574b5ad3cbe5f87034b0c142b6e6d71bb619c51eaa3d2ce47f7e24"

[[tool.linux]]
rid = "linux-x64"
name = "bzip2"
package = "bzip2"
binary = "bzip2"
path = "/usr/bin/bzip2"
version = "1.0.8-5+b1"
sha256 = "0295484aea2cd54ad0cc4f09fbea5a3285c3361d7db716809d1421a39adb8b91"

[[tool.linux]]
rid = "linux-x64"
name = "xz"
package = "xz-utils"
binary = "xz"
path = "/usr/bin/xz"
version = "5.4.1-1"
sha256 = "31c8422d8432de91ffa9b3713743c98cb8011c561546c76759600c9476357dc0"

[[tool.linux]]
rid = "linux-x64"
name = "lz4"
package = "lz4"
binary = "lz4"
path = "/usr/bin/lz4"
version = "1.9.4-1"
sha256 = "d7958b8fa6659cb45852d061dcecd84a897f26a0f98a8b52d787b35db3791dbb"

[[tool.linux]]
rid = "linux-x64"
name = "brotli"
package = "brotli"
binary = "brotli"
path = "/usr/bin/brotli"
version = "1.0.9-2+b6"
sha256 = "b111a83afdee0f0555f988968d2de0e7ddb4561db36ef31f71a1d1d95af937ce"

[[tool.linux]]
rid = "linux-x64"
name = "zstd"
package = "zstd"
binary = "zstd"
path = "/usr/bin/zstd"
version = "1.5.4+dfsg2-5"
sha256 = "cee5aaa2d86c0bf168fc57b759439f5900f2a3b55a9250271c473a7b08e3d3e3"

[[tool.linux]]
rid = "linux-x64"
name = "uncompress"
package = "ncompress"
binary = "uncompress"
path = "/usr/bin/uncompress"
version = "4.2.4.6-6"
sha256 = "55c2f67ca4c3cca0ebac659f0075461dd671ec4937ecd6c71123bb49ed322ebd"

[[tool.linux]]
rid = "linux-x64"
name = "unzip"
package = "unzip"
binary = "unzip"
path = "/usr/bin/unzip"
version = "6.0-28"
sha256 = "e2f7d58ad17fb5ad25d4e3cfb72870089dec4a54805d83650b8fd1b648a0c29b"

[[tool.linux]]
rid = "linux-x64"
name = "python3"
package = "python3-minimal"
binary = "python3"
path = "/usr/bin/python3"
version = "3.11.2-1+b1"
sha256 = "c6e1f1ef67ab331cbb83bfbd5bbb9b766fbb2228ce848b038141cb7d2cad3158"

[[tool.linux]]
rid = "linux-arm64"
name = "gzip"
package = "gzip"
binary = "gzip"
path = "/usr/bin/gzip"
version = "1.12-1"
sha256 = "d3afaebcb97bf6fa214a813d89b108f48955665ea596228340ec80580ee55a0e"

[[tool.linux]]
rid = "linux-arm64"
name = "bzip2"
package = "bzip2"
binary = "bzip2"
path = "/usr/bin/bzip2"
version = "1.0.8-5+b1"
sha256 = "40cbbed6f2decef80c0620931b095623705422c19cb5c14b8b27f125a3a5be21"

[[tool.linux]]
rid = "linux-arm64"
name = "xz"
package = "xz-utils"
binary = "xz"
path = "/usr/bin/xz"
version = "5.4.1-1"
sha256 = "26c98f8bc8f57e82b65b015cb699088ea1da2fc29557f4bc97bbce4fc0069cc8"

[[tool.linux]]
rid = "linux-arm64"
name = "lz4"
package = "lz4"
binary = "lz4"
path = "/usr/bin/lz4"
version = "1.9.4-1"
sha256 = "0cb356909741a31909cebbae5120e1faff61c265857b18f35fe96a157f1fd377"

[[tool.linux]]
rid = "linux-arm64"
name = "brotli"
package = "brotli"
binary = "brotli"
path = "/usr/bin/brotli"
version = "1.0.9-2+b6"
sha256 = "bc0ff60a77a83a039e136e6b77d4373ef5a01f233f7d42360aef5ce9a70194e5"

[[tool.linux]]
rid = "linux-arm64"
name = "zstd"
package = "zstd"
binary = "zstd"
path = "/usr/bin/zstd"
version = "1.5.4+dfsg2-5"
sha256 = "f3336accc2f38ffc03c3ee4b123b53d06ce14abfb4d19028841883c408fdbaf2"

[[tool.linux]]
rid = "linux-arm64"
name = "uncompress"
package = "ncompress"
binary = "uncompress"
path = "/usr/bin/uncompress"
version = "4.2.4.6-6"
sha256 = "55c2f67ca4c3cca0ebac659f0075461dd671ec4937ecd6c71123bb49ed322ebd"

[[tool.linux]]
rid = "linux-arm64"
name = "unzip"
package = "unzip"
binary = "unzip"
path = "/usr/bin/unzip"
version = "6.0-28"
sha256 = "b607a8f5f7056dcccb7d81e83cd25115d73e0ef07e337581a4f591ceb01e6f41"

[[tool.linux]]
rid = "linux-arm64"
name = "python3"
package = "python3-minimal"
binary = "python3"
path = "/usr/bin/python3"
version = "3.11.2-1+b1"
sha256 = "ef8ea6cdde1ed5696b130d90a07026a3088e0c767166a3a627233da845a9fae9"

[[corpus]]
name = "opensubtitles-en"
kind = "file"
archive_url = "https://object.pouta.csc.fi/OPUS-OpenSubtitles/v2016/mono/en.txt.gz"
archive_path = "artifacts/corpora/opensubtitles/en.txt.gz"
archive_sha256 = "7c169ffa7742fd7f670c176ba8c290b74bcc650784e585e2ef60061376c8fff1"
path = "artifacts/corpora/opensubtitles/en.txt"
sha256 = "a84b1e0c66645c429ff356510dc872d5d9cca1c5a02a21d6eee3cff24d4781bb"
bytes = "9968530111"

[[corpus]]
name = "linux-kernel"
kind = "tree"
commit = "84e57d292203a45c96dbcb2e6be9dd80961d981a"
archive_url = "https://codeload.github.com/BurntSushi/linux/tar.gz/84e57d292203a45c96dbcb2e6be9dd80961d981a"
archive_path = "artifacts/corpora/linux/linux-84e57d292203a45c96dbcb2e6be9dd80961d981a.tar.gz"
archive_sha256 = "8779f9318fb896f64f7a876d7ff9c152925e82c17690281eb1ec6ce587275054"
tree_path = "artifacts/corpora/linux/linux-84e57d292203a45c96dbcb2e6be9dd80961d981a"
tree_sha256 = "c104036f61aa7eba26da621738424e2e35f2c12372858abc345c39bbd9ecd116"

[[performance_input]]
name = "cold-tiny"
bytes = "7"
sha256 = "d29210777777dac0b3d12f6a656a073c9ba717cf6932dbc01b0cc6dc1e7779b8"

[[performance_input]]
name = "bounded-assignment-pattern"
bytes = "146"
sha256 = "9d692cc80ecb13a95cd3755c87cf53725b34ffcd8465dc8569ca0bbeeb55bbef"

[[performance_input]]
name = "bounded-assignment-no-match-800"
bytes = "40000"
sha256 = "70568b7e7a1580f32d61d0785b76abf111623288c574091ac9654674bf071c74"

[[performance_input]]
name = "large-bounded-unicode-class-pattern"
bytes = "16"
sha256 = "968f2535227a76ff31466a423f6d9c4d584dd8d159fe1dd4b17c329ace78da12"

[[performance_input]]
name = "large-bounded-unicode-class-no-match-5000"
bytes = "80000"
sha256 = "2954a476e27d4ce1a6a69b643e223c9d62c7358f6fbb618854a28779e6cada6e"

[[performance_input]]
name = "line-regex-paladin-like-200000"
bytes = "49800419"
sha256 = "f9c5f93baa2554553b23d190e5df55b5daf2f1d23167df5fe40214283b1a4d3a"

[[performance_input]]
name = "line-regex-absent-patterns-64"
bytes = "1728"
sha256 = "f157dc1dd99f25ce745f124832411defcf614a4698513831c86839ed6069e033"

[[corpus]]
name = "ripgrep-e89fff89-tests-binary-rs"
path = "upstream/ripgrep-e89fff89/tests/binary.rs"
sha256 = "683714aaf5bb499c344c0280ab7fc09907a90b51e836dd26859de99e8fc454e9"

[[corpus]]
name = "ripgrep-e89fff89-tests-feature-rs"
path = "upstream/ripgrep-e89fff89/tests/feature.rs"
sha256 = "fbc6455c5d2cb73580cde4b390c0a43315107598200a6ca6023c3bfc155d8706"

[[corpus]]
name = "ripgrep-e89fff89-tests-hay-rs"
path = "upstream/ripgrep-e89fff89/tests/hay.rs"
sha256 = "ee8d21ddd6f053f2f5427847e2a7bdc80913570cc410ced9508465ff66549684"

[[corpus]]
name = "ripgrep-e89fff89-tests-json-rs"
path = "upstream/ripgrep-e89fff89/tests/json.rs"
sha256 = "9dd91b0dadc9be38d4ac37551af4b7bca6f80da8fe9723009f87b11c750efaaa"

[[corpus]]
name = "ripgrep-e89fff89-tests-macros-rs"
path = "upstream/ripgrep-e89fff89/tests/macros.rs"
sha256 = "27d0ee206b162f26f718e526a2f303ad587db76703648ba06c1ee3cb2877d3ee"

[[corpus]]
name = "ripgrep-e89fff89-tests-misc-rs"
path = "upstream/ripgrep-e89fff89/tests/misc.rs"
sha256 = "4fe2caae7e791339a154172b65a54905d1660a1d8869a790309076818264f335"

[[corpus]]
name = "ripgrep-e89fff89-tests-multiline-rs"
path = "upstream/ripgrep-e89fff89/tests/multiline.rs"
sha256 = "2c1b987f0fe60905e9cfe4edc19738f7693b12f79661d4b66252f4295e03d03d"

[[corpus]]
name = "ripgrep-e89fff89-tests-regression-rs"
path = "upstream/ripgrep-e89fff89/tests/regression.rs"
sha256 = "77e84eb6c056a968e160c841681d471089ad62c924094fe4c0d769df271c9a78"

[[corpus]]
name = "ripgrep-e89fff89-tests-tests-rs"
path = "upstream/ripgrep-e89fff89/tests/tests.rs"
sha256 = "b262a442a4b986f38ef6ddcf3c059a934d770fa07a9a9296545be15aa67cb18f"

[[corpus]]
name = "ripgrep-e89fff89-tests-util-rs"
path = "upstream/ripgrep-e89fff89/tests/util.rs"
sha256 = "1ad1581ae80a35b5aec02eeaca61d36699009d3a52d57ede18f314bdf488fda1"

[[corpus]]
name = "ripgrep-e89fff89-tests-data-sherlock-nul-txt"
path = "upstream/ripgrep-e89fff89/tests/data/sherlock-nul.txt"
sha256 = "bb7dbf2cee6e40774bed465384bb2512307b0f63a31013c6812131096d083466"

[[corpus]]
name = "ripgrep-e89fff89-tests-data-sherlock-Z"
path = "upstream/ripgrep-e89fff89/tests/data/sherlock.Z"
sha256 = "420a3bb385f9299029c53883eb5569a982177408521ac5056746969324f25d75"

[[corpus]]
name = "ripgrep-e89fff89-tests-data-sherlock-br"
path = "upstream/ripgrep-e89fff89/tests/data/sherlock.br"
sha256 = "4496548fc4bd17b1afc6611878a7983bfbe903e08e7908a789965d7d548892dd"

[[corpus]]
name = "ripgrep-e89fff89-tests-data-sherlock-bz2"
path = "upstream/ripgrep-e89fff89/tests/data/sherlock.bz2"
sha256 = "a5f16df074eb1e5f8183e7e8ed34fda72f66741f88624cda38142c32f88d4cb4"

[[corpus]]
name = "ripgrep-e89fff89-tests-data-sherlock-gz"
path = "upstream/ripgrep-e89fff89/tests/data/sherlock.gz"
sha256 = "e2c66fa7c65d183f497ab5023cbb341de5c1f98f587e93e2345702ce362b7fb2"

[[corpus]]
name = "ripgrep-e89fff89-tests-data-sherlock-lz4"
path = "upstream/ripgrep-e89fff89/tests/data/sherlock.lz4"
sha256 = "f93423e576e99c1d5b895c7a0c99a233f2e3428f7cd630e84741c1c5f60836a6"

[[corpus]]
name = "ripgrep-e89fff89-tests-data-sherlock-lzma"
path = "upstream/ripgrep-e89fff89/tests/data/sherlock.lzma"
sha256 = "7d7e6fd9429c64f5e7e0a9bbc80e3333200e49d66ef026e58ad4d0fcb5762ea4"

[[corpus]]
name = "ripgrep-e89fff89-tests-data-sherlock-xz"
path = "upstream/ripgrep-e89fff89/tests/data/sherlock.xz"
sha256 = "cb3706759fe692dcae67ead3241e5406e83409b9e855bf5d383f2332f21871a3"

[[corpus]]
name = "ripgrep-e89fff89-tests-data-sherlock-zst"
path = "upstream/ripgrep-e89fff89/tests/data/sherlock.zst"
sha256 = "e98e9a7c720ddd9037420cd6f93e2f49b861e1f3e43d76833eafa3e4eed0ecbb"

[[corpus]]
name = "regex-1.13.0-misc"
path = "upstream/regex-1.13.0/testdata/misc.toml"
sha256 = "32c9591655c6fb118dfefcb4de49a04820a63cb960533dfc2538cdaabf4f4047"

[[corpus]]
name = "regex-1.13.0-flags"
path = "upstream/regex-1.13.0/testdata/flags.toml"
sha256 = "9a7e001808195c84f2a7d3e18bc0a82c7386e60f03a616e99af00c3f7f2c3fd4"

[[corpus]]
name = "regex-1.13.0-iter"
path = "upstream/regex-1.13.0/testdata/iter.toml"
sha256 = "6875460302974a5b3073a7304a865c45aba9653c54afea2c4d26e1ea248a81f7"

[[corpus]]
name = "regex-1.13.0-empty"
path = "upstream/regex-1.13.0/testdata/empty.toml"
sha256 = "738dbe92fbd8971385a1cf3affb0e956e5b692c858b9b48439d718f10801c08e"

[[corpus]]
name = "regex-1.13.0-crazy"
path = "upstream/regex-1.13.0/testdata/crazy.toml"
sha256 = "a146e2d2e23f1a57168979d9b1fc193c2ba38dca66294b61140d6d2a2958ec86"

[[corpus]]
name = "regex-1.13.0-multiline"
path = "upstream/regex-1.13.0/testdata/multiline.toml"
sha256 = "eb07cf5427e6ddbcf61f4cc64c2d74ff41b5ef75ef857959651b20196f3cd157"

[[corpus]]
name = "regex-1.13.0-line-terminator"
path = "upstream/regex-1.13.0/testdata/line-terminator.toml"
sha256 = "02148068137b69d95587966917bdf0697bf7eb41ad6d47387f2eb30f67d04fd9"

[[corpus]]
name = "regex-1.13.0-anchored"
path = "upstream/regex-1.13.0/testdata/anchored.toml"
sha256 = "7a1b5cd81deed2099796a451bf764a3f9bd21f0d60c0fa46accd3a35666866f2"

[[corpus]]
name = "regex-1.13.0-substring"
path = "upstream/regex-1.13.0/testdata/substring.toml"
sha256 = "48122d9f3477ed81f95e3ad42c06e9bb25f849b66994601a75ceae0693b81866"

[[corpus]]
name = "regex-1.13.0-bytes"
path = "upstream/regex-1.13.0/testdata/bytes.toml"
sha256 = "1d84179165fd25f3b94bd2bfbeb43fc8a162041f7bf98b717e0f85cef7fb652b"

[[corpus]]
name = "regex-1.13.0-crlf"
path = "upstream/regex-1.13.0/testdata/crlf.toml"
sha256 = "d19cf22756434d145dd20946c00af01c102a556a252070405c3c8294129d9ece"

[[corpus]]
name = "regex-1.13.0-earliest"
path = "upstream/regex-1.13.0/testdata/earliest.toml"
sha256 = "d561e643623ee1889b5b049fdcf3c7cb71b0c746d7eb822ddbd09d0acda2620b"

[[corpus]]
name = "regex-1.13.0-expensive"
path = "upstream/regex-1.13.0/testdata/expensive.toml"
sha256 = "5ce2f60209c99cdd2cdcb9d3069d1d5ca13d5e08a85e913efe57267b2f5f0e9d"

[[corpus]]
name = "regex-1.13.0-leftmost-all"
path = "upstream/regex-1.13.0/testdata/leftmost-all.toml"
sha256 = "903bfbeff888b7664296f4d5aa367ce53d1dafe249ab0a3359223ae94d596396"

[[corpus]]
name = "regex-1.13.0-no-unicode"
path = "upstream/regex-1.13.0/testdata/no-unicode.toml"
sha256 = "d209da04506900fd5f69e48170cddaad0702355ac6176c3a75ab3ff96974457c"

[[corpus]]
name = "regex-1.13.0-overlapping"
path = "upstream/regex-1.13.0/testdata/overlapping.toml"
sha256 = "5d96497a7233566d40b05ba22047e483fa8662e45515a9be86da45cf6c28703a"

[[corpus]]
name = "regex-1.13.0-regex-lite"
path = "upstream/regex-1.13.0/testdata/regex-lite.toml"
sha256 = "fecca7cc8c9cea2e1f84f846a89fd9b3ca7011c83698211a2eeda8924deb900c"

[[corpus]]
name = "regex-1.13.0-regression"
path = "upstream/regex-1.13.0/testdata/regression.toml"
sha256 = "6006ef4fcfbfd7155ce5ce8b8427904f7261c5549396f20cb065c0294733686d"

[[corpus]]
name = "regex-1.13.0-set"
path = "upstream/regex-1.13.0/testdata/set.toml"
sha256 = "dfd265dc1aee80026e881616840df0236ae9abf12467d7ec0e141a52c236128c"

[[corpus]]
name = "regex-1.13.0-unicode"
path = "upstream/regex-1.13.0/testdata/unicode.toml"
sha256 = "7e4b013039b0cdd85fa73f32d15d096182fe901643d4e40c0910087a736cd46d"

[[corpus]]
name = "regex-1.13.0-utf8"
path = "upstream/regex-1.13.0/testdata/utf8.toml"
sha256 = "2eabce0582bcacb2073e08bbe7ca413f096d14d06e917b107949691e24f84b20"

[[corpus]]
name = "regex-1.13.0-word-boundary-special"
path = "upstream/regex-1.13.0/testdata/word-boundary-special.toml"
sha256 = "7d0ea2f796478d1ca2a6954430cb1cfbd04031a182f8611cb50a7c73e443ce33"

[[corpus]]
name = "regex-1.13.0-word-boundary"
path = "upstream/regex-1.13.0/testdata/word-boundary.toml"
sha256 = "51bc1c498ab825420340a2dd3e6623de4054937ba6d5020ff8cd14b1c1e45271"

[[corpus]]
name = "encoding-rs-0.8.35-big5-in"
path = "upstream/encoding_rs-0.8.35/src/test_data/big5_in.txt"
sha256 = "a5ae290786610c7facdbb1d06be6815e8bb81d68dfa7380edc7ddb6b8c7e412e"

[[corpus]]
name = "encoding-rs-0.8.35-euc-kr-in"
path = "upstream/encoding_rs-0.8.35/src/test_data/euc_kr_in.txt"
sha256 = "21534ec87e82d785d128f980902d13fab6d9dea15c69a991f409d9b0afd1c852"

[[corpus]]
name = "encoding-rs-0.8.35-gb18030-in"
path = "upstream/encoding_rs-0.8.35/src/test_data/gb18030_in.txt"
sha256 = "0dd1fbf0360930daafdce7e6761852005a8f92f7910180df19a070b6c3c59dee"

[[corpus]]
name = "encoding-rs-0.8.35-iso-2022-jp-in"
path = "upstream/encoding_rs-0.8.35/src/test_data/iso_2022_jp_in.txt"
sha256 = "98fb823530a30a76eb0ba7ab6ac796959e8869c1ec143f018a1964581ae813aa"

[[corpus]]
name = "encoding-rs-0.8.35-jis0208-in"
path = "upstream/encoding_rs-0.8.35/src/test_data/jis0208_in.txt"
sha256 = "3c1a7aaada00d6fff41e60bd7589d7ae94afaf562759b116958b1d84711d17b6"

[[corpus]]
name = "encoding-rs-0.8.35-jis0212-in"
path = "upstream/encoding_rs-0.8.35/src/test_data/jis0212_in.txt"
sha256 = "9eda766002646a27310457c661832429beff9089d2703355812c4cac30d800b5"

[[corpus]]
name = "encoding-rs-0.8.35-shift-jis-in"
path = "upstream/encoding_rs-0.8.35/src/test_data/shift_jis_in.txt"
sha256 = "e65df746be90359e70422868522a7aa3e8ed20e0d4c0cf9995d9de248bf93388"

[[corpus]]
name = "encoding-rs-0.8.35-big5-in-ref"
path = "upstream/encoding_rs-0.8.35/src/test_data/big5_in_ref.txt"
sha256 = "52733d9970fb8987f014fa0eac2792250123cf583b363beb2ce7b3c55e3dc555"

[[corpus]]
name = "encoding-rs-0.8.35-euc-kr-in-ref"
path = "upstream/encoding_rs-0.8.35/src/test_data/euc_kr_in_ref.txt"
sha256 = "b3009e6a94967df1f1135c66f005610bebad6666d634aec72d2ad77c3211bda3"

[[corpus]]
name = "encoding-rs-0.8.35-gb18030-in-ref"
path = "upstream/encoding_rs-0.8.35/src/test_data/gb18030_in_ref.txt"
sha256 = "f3eaea1115857054cf30f8ba18219e72377f2a4afd848ccf223770d75aa4251d"

[[corpus]]
name = "encoding-rs-0.8.35-iso-2022-jp-in-ref"
path = "upstream/encoding_rs-0.8.35/src/test_data/iso_2022_jp_in_ref.txt"
sha256 = "df82166d2e01bb446211d7e46f33b47d93ac1bafeae2ed880ee93c4096d11210"

[[corpus]]
name = "encoding-rs-0.8.35-jis0208-in-ref"
path = "upstream/encoding_rs-0.8.35/src/test_data/jis0208_in_ref.txt"
sha256 = "df82166d2e01bb446211d7e46f33b47d93ac1bafeae2ed880ee93c4096d11210"

[[corpus]]
name = "encoding-rs-0.8.35-jis0212-in-ref"
path = "upstream/encoding_rs-0.8.35/src/test_data/jis0212_in_ref.txt"
sha256 = "fcf74c58d2cbe9b3f3db4fa9eff26e09f5e9644097c78614c03177e938988d03"

[[corpus]]
name = "encoding-rs-0.8.35-shift-jis-in-ref"
path = "upstream/encoding_rs-0.8.35/src/test_data/shift_jis_in_ref.txt"
sha256 = "13b15aed64e9e7cb35e6a740b67413f0c285fda944f4814d45a7619ea338fb5e"

[[corpus]]
name = "encoding-rs-0.8.35-big5-out"
path = "upstream/encoding_rs-0.8.35/src/test_data/big5_out.txt"
sha256 = "57420ca41a669c949738c84cab620020959572d2ee97b4e059405bfe26a79b6d"

[[corpus]]
name = "encoding-rs-0.8.35-euc-kr-out"
path = "upstream/encoding_rs-0.8.35/src/test_data/euc_kr_out.txt"
sha256 = "20205b0b5be4f579271193b5bfbc549a61a9fd5217c33eecfa61784a3ffe2e9d"

[[corpus]]
name = "encoding-rs-0.8.35-gb18030-out"
path = "upstream/encoding_rs-0.8.35/src/test_data/gb18030_out.txt"
sha256 = "7184fe9592609597d55c2733606b4c4b1a18b79b24533e1a16a14ff92e7d2b55"

[[corpus]]
name = "encoding-rs-0.8.35-iso-2022-jp-out"
path = "upstream/encoding_rs-0.8.35/src/test_data/iso_2022_jp_out.txt"
sha256 = "bef8eb4804ed0843b9dffdd1d168738635cc77f8d0929beb2532b686318ddae6"

[[corpus]]
name = "encoding-rs-0.8.35-jis0208-out"
path = "upstream/encoding_rs-0.8.35/src/test_data/jis0208_out.txt"
sha256 = "a6188b67eb00ba980cb83056186c89bcdddc1b0210af9afa78ed1c9b7a098950"

[[corpus]]
name = "encoding-rs-0.8.35-shift-jis-out"
path = "upstream/encoding_rs-0.8.35/src/test_data/shift_jis_out.txt"
sha256 = "192d0a4a8ce5d0f904c5cb283dfb974577ee667cf1e71955a6dd6aece2b354ef"

[[corpus]]
name = "encoding-rs-0.8.35-big5-out-ref"
path = "upstream/encoding_rs-0.8.35/src/test_data/big5_out_ref.txt"
sha256 = "00e5f67c222dd5cd3bb1739276910b8f0032f454cba7cf7c3eaa255a564188d0"

[[corpus]]
name = "encoding-rs-0.8.35-euc-kr-out-ref"
path = "upstream/encoding_rs-0.8.35/src/test_data/euc_kr_out_ref.txt"
sha256 = "b5f566237f8d4ef4d03ad26135ca97dfd7398608a82165bd4853b5134ab22cb5"

[[corpus]]
name = "encoding-rs-0.8.35-gb18030-out-ref"
path = "upstream/encoding_rs-0.8.35/src/test_data/gb18030_out_ref.txt"
sha256 = "23bb850ddc69aaf1bdfeabe05a12d93f614e5560dac879d5f02929ee4a7c06c5"

[[corpus]]
name = "encoding-rs-0.8.35-iso-2022-jp-out-ref"
path = "upstream/encoding_rs-0.8.35/src/test_data/iso_2022_jp_out_ref.txt"
sha256 = "b221b36b2bce49d49b620dc8ba80d77bac74e8660a86a11628e79b67f1d98964"

[[corpus]]
name = "encoding-rs-0.8.35-jis0208-out-ref"
path = "upstream/encoding_rs-0.8.35/src/test_data/jis0208_out_ref.txt"
sha256 = "e75a986fe5e78e64bf8fafd7392ae96ee0cb0a4b2e7ef2fe722b3caacf3e2f70"

[[corpus]]
name = "encoding-rs-0.8.35-shift-jis-out-ref"
path = "upstream/encoding_rs-0.8.35/src/test_data/shift_jis_out_ref.txt"
sha256 = "cb6d50b0c11bad1d1f1fcc02d779672a8b9a2509cbbafdc6392aceb49c8b4268"

[[corpus]]
name = "encoding-rs-0.8.35-labels"
path = "upstream/encoding_rs-0.8.35/src/test_labels_names.rs"
sha256 = "23a2e11b02b3b8d15fb5613a625e3edb2c61e70e3c581abfd638719a4088200d"

[[dotnet_sdk_archive]]
rid = "linux-x64"
url = "https://builds.dotnet.microsoft.com/dotnet/Sdk/10.0.102/dotnet-sdk-10.0.102-linux-x64.tar.gz"
sha512 = "7adf40e8e5547970391cfbe474c3874c6918ce3575ac398f376c78502134e1c8a2fa3da9aca281fdaeda81671f56c851ebe9e74c5b57c5a298bd45deba63565d"

[[dotnet_sdk_archive]]
rid = "linux-arm64"
url = "https://builds.dotnet.microsoft.com/dotnet/Sdk/10.0.102/dotnet-sdk-10.0.102-linux-arm64.tar.gz"
sha512 = "1254141153d29b5b926e0e7b0b172a25f9c096b8ed6a182f54062c5e0b41384b30e10e2bf1ebe86ed0f58f4ff762203acd83bcf23fefb59c07af45332d794700"

[[dotnet_sdk_archive]]
rid = "linux-musl-arm64"
url = "https://builds.dotnet.microsoft.com/dotnet/Sdk/10.0.102/dotnet-sdk-10.0.102-linux-musl-arm64.tar.gz"
sha512 = "10be1f3f2516fbc1049ad8fcb00bd12bbb16a2d20f708b6cd0177cd8775d01e9dec10ec1fbe4b570d7c82b158cb745d77e8ec66ff0b9f56327778562ba1a77be"

[[dotnet_sdk_archive]]
rid = "osx-x64"
url = "https://builds.dotnet.microsoft.com/dotnet/Sdk/10.0.102/dotnet-sdk-10.0.102-osx-x64.tar.gz"
sha512 = "5420d5cabdb7aa4c0e1a85907474dac873d20ccc5bf2810680f0a4d1fc9de948e9b7be15f3464fcde6be811c85b4ce290ecb6585f892077f10f40daaed03249e"

[[dotnet_sdk_archive]]
rid = "win-x64"
url = "https://builds.dotnet.microsoft.com/dotnet/Sdk/10.0.102/dotnet-sdk-10.0.102-win-x64.zip"
sha512 = "086bb7cfced5d2f531233307502fc8ce3de08850d3891e4d812542314904e1edf4b313a1a3710be1fc2ac9fecea8d511766346a6ac9f24c2b81a2ea0bedeaf16"

[[dotnet_sdk_archive]]
rid = "win-arm64"
url = "https://builds.dotnet.microsoft.com/dotnet/Sdk/10.0.102/dotnet-sdk-10.0.102-win-arm64.zip"
sha512 = "a68c5c855ba81c6898cf40225ece3e5c0f93cd3c3c2b5451e6acd39de87d2a896ca7ca5e718dc46ce0daf171903dd18bfd9c684dd51813a3f47b2bd886ccddcc"

[[dotnet_runtime_archive]]
rid = "linux-x64"
url = "https://builds.dotnet.microsoft.com/dotnet/Runtime/10.0.10/dotnet-runtime-10.0.10-linux-x64.tar.gz"
sha512 = "74b2b41ee177fe72da02741d5ba30e8a3c5ead44151d7a72a04ed81a0a933e827f5f8cfcc048ba4e8de5aeb7651953761b7586277d0bcce2e01323ca29ccb813"

[[dotnet_runtime_archive]]
rid = "linux-arm64"
url = "https://builds.dotnet.microsoft.com/dotnet/Runtime/10.0.10/dotnet-runtime-10.0.10-linux-arm64.tar.gz"
sha512 = "3ea2ac626fdb0f26bb52f02584ae5e68ee88c275e740b34d93918ad380985d0dbfa1632c017658dfddc5fba396114b62748efc11b25897877814a4a4c5022edc"

[[dotnet_runtime_archive]]
rid = "linux-musl-arm64"
url = "https://builds.dotnet.microsoft.com/dotnet/Runtime/10.0.10/dotnet-runtime-10.0.10-linux-musl-arm64.tar.gz"
sha512 = "1e97ed072922547b5849a9693beee47d30bce255c944769499fe2865ba9fe5f8d38b1896de2fb6d339017298dca118a744a52815c78a8cd36fb96c7118e18bef"

[[dotnet_runtime_archive]]
rid = "osx-x64"
url = "https://builds.dotnet.microsoft.com/dotnet/Runtime/10.0.10/dotnet-runtime-10.0.10-osx-x64.tar.gz"
sha512 = "4269fde5d17bee092f47fb63387c0bb1ab58b21d4af8eb0ead118b51d677fc7dada9b8f46cf3d1e25449c07f7e0350938cd741e882ed43bf6ab1541dccd489da"

[[dotnet_runtime_archive]]
rid = "win-x64"
url = "https://builds.dotnet.microsoft.com/dotnet/Runtime/10.0.10/dotnet-runtime-10.0.10-win-x64.zip"
sha512 = "2161dfa1cf027cdc074de7195b5f206b17ebd829ae415b9e7c9ee5f06d3952b6583030022dbe0d6e9221b5c577c411d7cd5322241f6d2299d9c886641215699b"

[[dotnet_runtime_archive]]
rid = "win-arm64"
url = "https://builds.dotnet.microsoft.com/dotnet/Runtime/10.0.10/dotnet-runtime-10.0.10-win-arm64.zip"
sha512 = "69f575e8a612adcb360689b0c4099c097e58ce48905b9ab2c109855513e0acda0e688cd40326b7ba3eef8b26b793589cf2a4c68423f73d3d4c8f9e3dc4c254c4"

[[dotnet_library_runtime_archive]]
rid = "linux-x64"
url = "https://builds.dotnet.microsoft.com/dotnet/Runtime/9.0.20/dotnet-runtime-9.0.20-linux-x64.tar.gz"
sha512 = "aaa63e9156fcc9d1c51e15fb38e3c5388a7721ef1b64065c8865b03133906e9de967ae33903c198c6acb9aa8bbae373e9001405074009c2ef2a0bb6e54b509a5"

[[dotnet_library_runtime_archive]]
rid = "linux-arm64"
url = "https://builds.dotnet.microsoft.com/dotnet/Runtime/9.0.20/dotnet-runtime-9.0.20-linux-arm64.tar.gz"
sha512 = "73e2736de18c84e1e5aab71872fd8d48bf58bf7ee1f781a28089308db8d7d3f309700347afdb4ce3e7959a2a6cc54b0d1e46e5aa4cf14d9d87ea0d2a4496f589"

[[dotnet_library_runtime_archive]]
rid = "linux-musl-arm64"
url = "https://builds.dotnet.microsoft.com/dotnet/Runtime/9.0.20/dotnet-runtime-9.0.20-linux-musl-arm64.tar.gz"
sha512 = "b34bf4d6b40df1d8c1cf525b477185ab1862b47883be85d77a0d5f0cc3c7983ac20845b3cf2d8fa1e72cfe3bb5590350c027399a38c82e4453e4438fdb853b6c"

[[dotnet_library_runtime_archive]]
rid = "osx-x64"
url = "https://builds.dotnet.microsoft.com/dotnet/Runtime/9.0.20/dotnet-runtime-9.0.20-osx-x64.tar.gz"
sha512 = "b633e36f30af40d1f8114e6e377f93551286105ff4bb9f88713555983399edba7cca21ec7b86f74a6c1debb898c8ec63ecdb214b38866c56b63fac3ff8c3fd02"

[[dotnet_library_runtime_archive]]
rid = "osx-arm64"
url = "https://builds.dotnet.microsoft.com/dotnet/Runtime/9.0.20/dotnet-runtime-9.0.20-osx-arm64.tar.gz"
sha512 = "5bb676b5bac2656eb7e8c847532505007b2154df0f6682e31b1681e35d1b757ca201559677c7e2bb197a6b7563bc584d7fcefb26344a9f8f2a390b41136a2702"

[[dotnet_library_runtime_archive]]
rid = "win-x64"
url = "https://builds.dotnet.microsoft.com/dotnet/Runtime/9.0.20/dotnet-runtime-9.0.20-win-x64.zip"
sha512 = "6f7241fab7a8003813c3c8a59005e368fe53525e3cf08ab1cc052103f2f422af6bd1b20b838c283283a8a709d52a6aea2379686fe6cb07cc0fa7119f2ef2b2bf"

[[dotnet_library_runtime_archive]]
rid = "win-arm64"
url = "https://builds.dotnet.microsoft.com/dotnet/Runtime/9.0.20/dotnet-runtime-9.0.20-win-arm64.zip"
sha512 = "9e8a6252d98f37fe035c7c642be479ea8b16db393e357ef248695c3f3cafb0656548d41e2e1a12d24ce62531f8190b48af02adb933bf25d5ecaa2a94415d2fc7"
